
Microsoft Visual Studio Solution File, Format Version 12.00
# Visual Studio Version 17
VisualStudioVersion = 17.1.32414.318
MinimumVisualStudioVersion = 10.0.40219.1
Project("{FAE04EC0-301F-11D3-BF4B-00C04F79EFBC}") = "contact-tracing", "contact-tracing\contact-tracing.csproj", "{0353469E-F0FC-4EF3-A11F-4A7BADDF8EBF}"
EndProject
Global
	GlobalSection(SolutionConfigurationPlatforms) = preSolution
		Debug|Any CPU = Debug|Any CPU
		Release|Any CPU = Release|Any CPU
	EndGlobalSection
	GlobalSection(ProjectConfigurationPlatforms) = postSolution
		{0353469E-F0FC-4EF3-A11F-4A7BADDF8EBF}.Debug|Any CPU.ActiveCfg = Debug|Any CPU
		{0353469E-F0FC-4EF3-A11F-4A7BADDF8EBF}.Debug|Any CPU.Build.0 = Debug|Any CPU
		{0353469E-F0FC-4EF3-A11F-4A7BADDF8EBF}.Release|Any CPU.ActiveCfg = Release|Any CPU
		{0353469E-F0FC-4EF3-A11F-4A7BADDF8EBF}.Release|Any CPU.Build.0 = Release|Any CPU
	EndGlobalSection
	GlobalSection(SolutionProperties) = preSolution
		HideSolutionNode = FALSE
	EndGlobalSection
	GlobalSection(ExtensibilityGlobals) = postSolution
		SolutionGuid = {8218BF8A-2DE0-48E6-B883-117239979208}
	EndGlobalSection
EndGlobal
